{"version":4,"terraform_version":"1.8.2","serial":158,"lineage":"c5d1ceed-92eb-58f9-712a-d0c08f514689","outputs":{"eks_s3_access_role_arn":{"value":"arn:aws:iam::672243026050:role/eks-s3-access","type":"string"}},"resources":[{"mode":"data","type":"aws_iam_policy_document","name":"csi","provider":"provider[\"registry.opentofu.org/hashicorp/aws\"]","instances":[{"schema_version":0,"attributes":{"id":"1839195317","json":"{\n  \"Version\": \"2012-10-17\",\n  \"Statement\": [\n    {\n      \"Effect\": \"Allow\",\n      \"Action\": \"sts:AssumeRoleWithWebIdentity\",\n      \"Principal\": {\n        \"Federated\": \"arn:aws:iam::672243026050:oidc-provider/oidc.eks.us-west-2.amazonaws.com/id/FF8092ECF1DD800DFAC98BA8354A9092\"\n      },\n      \"Condition\": {\n        \"StringEquals\": {\n          \"oidc.eks.us-west-2.amazonaws.com/id/FF8092ECF1DD800DFAC98BA8354A9092:sub\": \"system:serviceaccount:kube-system:ebs-csi-controller-sa\"\n        }\n      }\n    }\n  ]\n}","minified_json":"{\"Version\":\"2012-10-17\",\"Statement\":[{\"Effect\":\"Allow\",\"Action\":\"sts:AssumeRoleWithWebIdentity\",\"Principal\":{\"Federated\":\"arn:aws:iam::672243026050:oidc-provider/oidc.eks.us-west-2.amazonaws.com/id/FF8092ECF1DD800DFAC98BA8354A9092\"},\"Condition\":{\"StringEquals\":{\"oidc.eks.us-west-2.amazonaws.com/id/FF8092ECF1DD800DFAC98BA8354A9092:sub\":\"system:serviceaccount:kube-system:ebs-csi-controller-sa\"}}}]}","override_json":null,"override_policy_documents":null,"policy_id":null,"source_json":null,"source_policy_documents":null,"statement":[{"actions":["sts:AssumeRoleWithWebIdentity"],"condition":[{"test":"StringEquals","values":["system:serviceaccount:kube-system:ebs-csi-controller-sa"],"variable":"oidc.eks.us-west-2.amazonaws.com/id/FF8092ECF1DD800DFAC98BA8354A9092:sub"}],"effect":"Allow","not_actions":[],"not_principals":[],"not_resources":[],"principals":[{"identifiers":["arn:aws:iam::672243026050:oidc-provider/oidc.eks.us-west-2.amazonaws.com/id/FF8092ECF1DD800DFAC98BA8354A9092"],"type":"Federated"}],"resources":[],"sid":""}],"version":"2012-10-17"},"sensitive_attributes":[]}]},{"mode":"data","type":"tls_certificate","name":"eks","provider":"provider[\"registry.opentofu.org/hashicorp/tls\"]","instances":[{"schema_version":0,"attributes":{"certificates":[{"cert_pem":"-----BEGIN CERTIFICATE-----\nMIIEdTCCA12gAwIBAgIJAKcOSkw0grd/MA0GCSqGSIb3DQEBCwUAMGgxCzAJBgNV\nBAYTAlVTMSUwIwYDVQQKExxTdGFyZmllbGQgVGVjaG5vbG9naWVzLCBJbmMuMTIw\nMAYDVQQLEylTdGFyZmllbGQgQ2xhc3MgMiBDZXJ0aWZpY2F0aW9uIEF1dGhvcml0\neTAeFw0wOTA5MDIwMDAwMDBaFw0zNDA2MjgxNzM5MTZaMIGYMQswCQYDVQQGEwJV\nUzEQMA4GA1UECBMHQXJpem9uYTETMBEGA1UEBxMKU2NvdHRzZGFsZTElMCMGA1UE\nChMcU3RhcmZpZWxkIFRlY2hub2xvZ2llcywgSW5jLjE7MDkGA1UEAxMyU3RhcmZp\nZWxkIFNlcnZpY2VzIFJvb3QgQ2VydGlmaWNhdGUgQXV0aG9yaXR5IC0gRzIwggEi\nMA0GCSqGSIb3DQEBAQUAA4IBDwAwggEKAoIBAQDVDDrEKvlO4vW+GZdfjohTsR8/\ny8+fIBNtKTrID30892t2OGPZNmCom15cAICyL1l/9of5JUOG52kbUpqQ4XHj2C0N\nTm/2yEnZtvMaVq4rtnQU68/7JuMauh2WLmo7WJSJR1b/JaCTcFOD2oR0FMNnngRo\nOt+OQFodSk7PQ5E751bWAHDLUu57fa4657wx+UX2wmDPE1kCK4DMNEffud6QZW0C\nzyyRpqbn3oUYSXxmTqM6bam17jQuug0DuDPfR+uxa40l2ZvOgdFFRjKWcIfeAg5J\nQ4W2bHO7ZOphQazJ1FTfhy/HIrImzJ9ZVGif/L4qL8RVHHVAYBeFAlU5i38FAgMB\nAAGjgfAwge0wDwYDVR0TAQH/BAUwAwEB/zAOBgNVHQ8BAf8EBAMCAYYwHQYDVR0O\nBBYEFJxfAN+qAdcwKziIorhtSpzyEZGDMB8GA1UdIwQYMBaAFL9ft9HO3R+G9FtV\nrNzXEMIOqYjnME8GCCsGAQUFBwEBBEMwQTAcBggrBgEFBQcwAYYQaHR0cDovL28u\nc3MyLnVzLzAhBggrBgEFBQcwAoYVaHR0cDovL3guc3MyLnVzL3guY2VyMCYGA1Ud\nHwQfMB0wG6AZoBeGFWh0dHA6Ly9zLnNzMi51cy9yLmNybDARBgNVHSAECjAIMAYG\nBFUdIAAwDQYJKoZIhvcNAQELBQADggEBACMd44pXyn3pF3lM8R5V/cxTbj5HD9/G\nVfKyBDbtgB9TxF00KGu+x1X8Z+rLP3+QsjPNG1gQggL4+C/1E2DUBc7xgQjB3ad1\nl08YuW3e95ORCLp+QCztweq7dp4zBncdDQh/U90bZKuCJ/Fp1U1ervShw3WnWEQt\n8jxwmKy6abaVd38PMV4s/KCHOkdp8Hlf9BRUpJVeEXgSYCfOn8J3/yNTd126/+pZ\n59vPr5KW7ySaNRB6nJHGDn2Z9j8Z3/VyVOEVqQdZe4O/Ui5GjLIAZHYcSNPYeehu\nVsyuLAOQ1xk4meTKCRlb/weWsKh/NEnfVqn3sF/tM+2MR7cwA130A4w=\n-----END CERTIFICATE-----\n","is_ca":true,"issuer":"OU=Starfield Class 2 Certification Authority,O=Starfield Technologies\\, Inc.,C=US","not_after":"2034-06-28T17:39:16Z","not_before":"2009-09-02T00:00:00Z","public_key_algorithm":"RSA","serial_number":"12037640545166866303","sha1_fingerprint":"9e99a48a9960b14926bb7f3b02e22da2b0ab7280","signature_algorithm":"SHA256-RSA","subject":"CN=Starfield Services Root Certificate Authority - G2,O=Starfield Technologies\\, Inc.,L=Scottsdale,ST=Arizona,C=US","version":3},{"cert_pem":"-----BEGIN CERTIFICATE-----\nMIIEkjCCA3qgAwIBAgITBn+USionzfP6wq4rAfkI7rnExjANBgkqhkiG9w0BAQsF\nADCBmDELMAkGA1UEBhMCVVMxEDAOBgNVBAgTB0FyaXpvbmExEzARBgNVBAcTClNj\nb3R0c2RhbGUxJTAjBgNVBAoTHFN0YXJmaWVsZCBUZWNobm9sb2dpZXMsIEluYy4x\nOzA5BgNVBAMTMlN0YXJmaWVsZCBTZXJ2aWNlcyBSb290IENlcnRpZmljYXRlIEF1\ndGhvcml0eSAtIEcyMB4XDTE1MDUyNTEyMDAwMFoXDTM3MTIzMTAxMDAwMFowOTEL\nMAkGA1UEBhMCVVMxDzANBgNVBAoTBkFtYXpvbjEZMBcGA1UEAxMQQW1hem9uIFJv\nb3QgQ0EgMTCCASIwDQYJKoZIhvcNAQEBBQADggEPADCCAQoCggEBALJ4gHHKeNXj\nca9HgFB0fW7Y14h29Jlo91ghYPl0hAEvrAIthtOgQ3pOsqTQNroBvo3bSMgHFzZM\n9O6II8c+6zf1tRn4SWiw3te5djgdYZ6k/oI2peVKVuRF4fn9tBb6dNqcmzU5L/qw\nIFAGbHrQgLKm+a/sRxmPUDgH3KKHOVj4utWp+UhnMJbulHheb4mjUcAwhmahRWa6\nVOujw5H5SNz/0egwLX0tdHA114gk957EWW67c4cX8jJGKLhD+rcdqsq08p8kDi1L\n93FcXmn/6pUCyziKrlA4b9v7LWIbxcceVOF34GfID5yHI9Y/QCB/IIDEgEw+OyQm\njgSubJrIqg0CAwEAAaOCATEwggEtMA8GA1UdEwEB/wQFMAMBAf8wDgYDVR0PAQH/\nBAQDAgGGMB0GA1UdDgQWBBSEGMyFNOy8DJSULghZnMeyEE4KCDAfBgNVHSMEGDAW\ngBScXwDfqgHXMCs4iKK4bUqc8hGRgzB4BggrBgEFBQcBAQRsMGowLgYIKwYBBQUH\nMAGGImh0dHA6Ly9vY3NwLnJvb3RnMi5hbWF6b250cnVzdC5jb20wOAYIKwYBBQUH\nMAKGLGh0dHA6Ly9jcnQucm9vdGcyLmFtYXpvbnRydXN0LmNvbS9yb290ZzIuY2Vy\nMD0GA1UdHwQ2MDQwMqAwoC6GLGh0dHA6Ly9jcmwucm9vdGcyLmFtYXpvbnRydXN0\nLmNvbS9yb290ZzIuY3JsMBEGA1UdIAQKMAgwBgYEVR0gADANBgkqhkiG9w0BAQsF\nAAOCAQEAYjdCXLwQtT6LLOkMm2xF4gcAevnFWAu5CIw+7bMlPLVvUOTNNWqnkzSW\nMiGpSESrnO09tKpzbeR/FoCJbM8oAxiDR3mjEH4wW6w7sGDgd9QIpuEdfF7Au/ma\neyKdpwAJfqxGF4PcnCZXmTA5YpaP7dreqsXMGz7KQ2hsVxa81Q4gLv7/wmpdLqBK\nbRRYh5TmOTFffHPLkIhqhBGWJ6bt2YFGpn6jcgAKUj6DiAdjd4lpFw85hdKrCEVN\n0FE6/V1dN2RMfjCyVSRCnTawXZwXgWHxyvkQAiSr6w10kY17RSlQOYiypok1JR4U\nakcjMS9cmvqtmg5iUaQqqcT5NJ0hGA==\n-----END CERTIFICATE-----\n","is_ca":true,"issuer":"CN=Starfield Services Root Certificate Authority - G2,O=Starfield Technologies\\, Inc.,L=Scottsdale,ST=Arizona,C=US","not_after":"2037-12-31T01:00:00Z","not_before":"2015-05-25T12:00:00Z","public_key_algorithm":"RSA","serial_number":"144918191876577076464031512351042010504348870","sha1_fingerprint":"06b25927c42a721631c1efd9431e648fa62e1e39","signature_algorithm":"SHA256-RSA","subject":"CN=Amazon Root CA 1,O=Amazon,C=US","version":3},{"cert_pem":"-----BEGIN CERTIFICATE-----\nMIIEXjCCA0agAwIBAgITB3MSSkvL1E7HtTvq8ZSELToPoTANBgkqhkiG9w0BAQsF\nADA5MQswCQYDVQQGEwJVUzEPMA0GA1UEChMGQW1hem9uMRkwFwYDVQQDExBBbWF6\nb24gUm9vdCBDQSAxMB4XDTIyMDgyMzIyMjUzMFoXDTMwMDgyMzIyMjUzMFowPDEL\nMAkGA1UEBhMCVVMxDzANBgNVBAoTBkFtYXpvbjEcMBoGA1UEAxMTQW1hem9uIFJT\nQSAyMDQ4IE0wMjCCASIwDQYJKoZIhvcNAQEBBQADggEPADCCAQoCggEBALtDGMZa\nqHneKei1by6+pUPPLljTB143Si6VpEWPc6mSkFhZb/6qrkZyoHlQLbDYnI2D7hD0\nsdzEqfnuAjIsuXQLG3A8TvX6V3oFNBFVe8NlLJHvBseKY88saLwufxkZVwk74g4n\nWlNMXzla9Y5F3wwRHwMVH443xGz6UtGSZSqQ94eFx5X7Tlqt8whi8qCaKdZ5rNak\n+r9nUThOeClqFd4oXych//Rc7Y0eX1KNWHYSI1Nk31mYgiK3JvH063g+K9tHA63Z\neTgKgndlh+WI+zv7i44HepRZjA1FYwYZ9Vv/9UkC5Yz8/yU65fgjaE+wVHM4e/Yy\nC2osrPWE7gJ+dXMCAwEAAaOCAVowggFWMBIGA1UdEwEB/wQIMAYBAf8CAQAwDgYD\nVR0PAQH/BAQDAgGGMB0GA1UdJQQWMBQGCCsGAQUFBwMBBggrBgEFBQcDAjAdBgNV\nHQ4EFgQUwDFSzVpQw4J8dHHOy+mc+XrrguIwHwYDVR0jBBgwFoAUhBjMhTTsvAyU\nlC4IWZzHshBOCggwewYIKwYBBQUHAQEEbzBtMC8GCCsGAQUFBzABhiNodHRwOi8v\nb2NzcC5yb290Y2ExLmFtYXpvbnRydXN0LmNvbTA6BggrBgEFBQcwAoYuaHR0cDov\nL2NydC5yb290Y2ExLmFtYXpvbnRydXN0LmNvbS9yb290Y2ExLmNlcjA/BgNVHR8E\nODA2MDSgMqAwhi5odHRwOi8vY3JsLnJvb3RjYTEuYW1hem9udHJ1c3QuY29tL3Jv\nb3RjYTEuY3JsMBMGA1UdIAQMMAowCAYGZ4EMAQIBMA0GCSqGSIb3DQEBCwUAA4IB\nAQAtTi6Fs0Azfi+iwm7jrz+CSxHH+uHl7Law3MQSXVtR8RV53PtR6r/6gNpqlzdo\nZq4FKbADi1v9Bun8RY8D51uedRfjsbeodizeBB8nXmeyD33Ep7VATj4ozcd31YFV\nfgRhvTSxNrrTlNpWkUk0m3BMPv8sg381HhA6uEYokE5q9uws/3YkKqRiEz3TsaWm\nJqIRZhMbgAfp7O7FUwFIb7UIspogZSKxPIWJpxiPo3TcBambbVtQOcNRWz5qCQdD\nslI2yayq0n2TXoHyNCLEH8rpsJRVILFsg0jc7BaFrMnF462+ajSehgj12IidNeRN\n4zl+EoNaWdpnWndvSpAEkq2P\n-----END CERTIFICATE-----\n","is_ca":true,"issuer":"CN=Amazon Root CA 1,O=Amazon,C=US","not_after":"2030-08-23T22:25:30Z","not_before":"2022-08-23T22:25:30Z","public_key_algorithm":"RSA","serial_number":"166129353110899469622597955040406457904926625","sha1_fingerprint":"414a2060b738c635cc7fc243e052615592830c53","signature_algorithm":"SHA256-RSA","subject":"CN=Amazon RSA 2048 M02,O=Amazon,C=US","version":3},{"cert_pem":"-----BEGIN CERTIFICATE-----\nMIIF5TCCBM2gAwIBAgIQDsWM2D5RSLl7IRD58Bp6DzANBgkqhkiG9w0BAQsFADA8\nMQswCQYDVQQGEwJVUzEPMA0GA1UEChMGQW1hem9uMRwwGgYDVQQDExNBbWF6b24g\nUlNBIDIwNDggTTAyMB4XDTI0MDQwMTAwMDAwMFoXDTI1MDQzMDIzNTk1OVowKDEm\nMCQGA1UEAwwdKi5la3MudXMtd2VzdC0yLmFtYXpvbmF3cy5jb20wggEiMA0GCSqG\nSIb3DQEBAQUAA4IBDwAwggEKAoIBAQDX5xeQmZmCHJG/Hd1k93EKIB8aJgqMBjV8\nhK/mr1q0NT//Sv1xJGaZELpdUh1rAYUSSGUs0rRC8+vugtpzOMJ6asPo4KFOxfBe\neq+QZddyw7yay4RaywlHlBuvqhZkMcTyie3Bw08EnKct7xPKcn11cFHf5Uef1Q+G\nLyWJealim9xLyaSZ3VdKswDVn4YrqWaCi89RgngtldUTpTBBOr52C6ZOcaAPZj7L\nMkui4/kC4dTtnCKJKmVKT1gnbKK/bcH3G63M2EOSjhR1JFMyTNBs0UNfDqVFnpIB\ngc6antQWJ1z5BpiejH0HJlDBfa4JJ9LSbSSl4oSnW1m5FWgOP6TrAgMBAAGjggL1\nMIIC8TAfBgNVHSMEGDAWgBTAMVLNWlDDgnx0cc7L6Zz5euuC4jAdBgNVHQ4EFgQU\niV25OQVdcpXV1bT71pUVtEYNuiAwKAYDVR0RBCEwH4IdKi5la3MudXMtd2VzdC0y\nLmFtYXpvbmF3cy5jb20wEwYDVR0gBAwwCjAIBgZngQwBAgEwDgYDVR0PAQH/BAQD\nAgWgMB0GA1UdJQQWMBQGCCsGAQUFBwMBBggrBgEFBQcDAjA7BgNVHR8ENDAyMDCg\nLqAshipodHRwOi8vY3JsLnIybTAyLmFtYXpvbnRydXN0LmNvbS9yMm0wMi5jcmww\ndQYIKwYBBQUHAQEEaTBnMC0GCCsGAQUFBzABhiFodHRwOi8vb2NzcC5yMm0wMi5h\nbWF6b250cnVzdC5jb20wNgYIKwYBBQUHMAKGKmh0dHA6Ly9jcnQucjJtMDIuYW1h\nem9udHJ1c3QuY29tL3IybTAyLmNlcjAMBgNVHRMBAf8EAjAAMIIBfQYKKwYBBAHW\neQIEAgSCAW0EggFpAWcAdgDPEVbu1S58r/OHW9lpLpvpGnFnSrAX7KwB0lt3zsw7\nCAAAAY6aMr/xAAAEAwBHMEUCIEkz4BRPTftldFZ3x7B3K5F91iqxjGZKYVBh7ChF\nWMa1AiEA5Tac6flLFvDsSI9OprjWela3qTk8/meb1i4aTt4vLYUAdgB9WR4S4Xgq\nexxhZ3xe/fjQh1wUoE6VnrkDL9kOjC55uAAAAY6aMr+zAAAEAwBHMEUCIHFcffDz\nLXWVRQA1pu63XR9odC62oKPm00qYSEcIK9QhAiEAze+8hnlqBtqAkdLRW9KmBL2Q\n2el9UwkvdmiqSsAySBUAdQDm0jFjQHeMwRBBBtdxuc7B0kD2loSG+7qHMh39HjeO\nUAAAAY6aMr/EAAAEAwBGMEQCIG2ekWjuvM0A2NoQe7pGojHoYAyYK8+bISkAyTdC\n6HPBAiBR67wkUrGGjfMaD8cy2nBhuThBMB8kOZLm5YOegGDGyzANBgkqhkiG9w0B\nAQsFAAOCAQEAeNiU5fLVKMSwpzjtYMfCydbBJhmcbzBC81zZLFMETCoDT2gnJrEm\n86kN44ZMOonuECEs3n++I2lMoslsdXRevU7EZ4Jo8imOVy0Is05ffbfnv294viuG\nB23hMe9JQMVBuQzDyoUvBUhcJIxk7hQoFGjckh2P7km4HmH/0vZV13Lhrat9kws4\n3PzywHbzV5SsyOCszZFAowzsUaakhlBXOj++OeCTViHTLixywNhrA2n+21yCTVAj\nXAfc6i0YQ/B17FKkYlH/L5ZNl0UdXaW79LobdZdIsCfqOweGjUxLB/pWz2rK4JPI\nqBir/DrLGniJB5oLDg9DfN3gmRp6oWwWTw==\n-----END CERTIFICATE-----\n","is_ca":false,"issuer":"CN=Amazon RSA 2048 M02,O=Amazon,C=US","not_after":"2025-04-30T23:59:59Z","not_before":"2024-04-01T00:00:00Z","public_key_algorithm":"RSA","serial_number":"19634931092034134610649070322822314511","sha1_fingerprint":"3934cf57a95810cf5b7a7ce04dbb323fdb9a41a7","signature_algorithm":"SHA256-RSA","subject":"CN=*.eks.us-west-2.amazonaws.com","version":3}],"content":null,"id":"9ce40dc2a049cbf871181c1b9ce87cb4fcc34109","url":"https://oidc.eks.us-west-2.amazonaws.com/id/FF8092ECF1DD800DFAC98BA8354A9092","verify_chain":true},"sensitive_attributes":[]}]},{"mode":"managed","type":"aws_eip","name":"nat","provider":"provider[\"registry.opentofu.org/hashicorp/aws\"]","instances":[{"schema_version":0,"attributes":{"address":null,"allocation_id":"eipalloc-03d28aa377be88b4d","arn":"arn:aws:ec2:us-west-2:672243026050:elastic-ip/eipalloc-03d28aa377be88b4d","associate_with_private_ip":null,"association_id":"","carrier_ip":"","customer_owned_ip":"","customer_owned_ipv4_pool":"","domain":"vpc","id":"eipalloc-03d28aa377be88b4d","instance":"","network_border_group":"us-west-2","network_interface":"","private_dns":null,"private_ip":"","ptr_record":"","public_dns":"ec2-35-163-102-61.us-west-2.compute.amazonaws.com","public_ip":"35.163.102.61","public_ipv4_pool":"amazon","tags":{"Name":"nat"},"tags_all":{"Name":"nat"},"timeouts":null,"vpc":true},"sensitive_attributes":[],"private":"eyJlMmJmYjczMC1lY2FhLTExZTYtOGY4OC0zNDM2M2JjN2M0YzAiOnsiZGVsZXRlIjoxODAwMDAwMDAwMDAsInJlYWQiOjkwMDAwMDAwMDAwMCwidXBkYXRlIjozMDAwMDAwMDAwMDB9fQ=="}]},{"mode":"managed","type":"aws_eks_addon","name":"csi_driver","provider":"provider[\"registry.opentofu.org/hashicorp/aws\"]","instances":[{"schema_version":0,"attributes":{"addon_name":"aws-ebs-csi-driver","addon_version":"v1.35.0-eksbuild.1","arn":"arn:aws:eks:us-west-2:672243026050:addon/andromeda/aws-ebs-csi-driver/58c93063-3178-8b5e-c79a-bc24f309e447","cluster_name":"andromeda","configuration_values":"","created_at":"2024-10-06T07:41:07Z","id":"andromeda:aws-ebs-csi-driver","modified_at":"2024-10-06T07:56:14Z","preserve":null,"resolve_conflicts":null,"resolve_conflicts_on_create":null,"resolve_conflicts_on_update":null,"service_account_role_arn":"arn:aws:iam::672243026050:role/eks-ebs-csi-driver","tags":null,"tags_all":{},"timeouts":null},"sensitive_attributes":[],"private":"eyJlMmJmYjczMC1lY2FhLTExZTYtOGY4OC0zNDM2M2JjN2M0YzAiOnsiY3JlYXRlIjoxMjAwMDAwMDAwMDAwLCJkZWxldGUiOjI0MDAwMDAwMDAwMDAsInVwZGF0ZSI6MTIwMDAwMDAwMDAwMH19","dependencies":["aws_eks_cluster.andromeda","aws_iam_openid_connect_provider.eks","aws_iam_role.andromeda","aws_iam_role.eks_ebs_csi_driver","aws_iam_role_policy_attachment.andromeda-AmazonEKSClusterPolicy","aws_subnet.private-us-west-2a","aws_subnet.private-us-west-2b","aws_subnet.public-us-west-2a","aws_subnet.public-us-west-2b","aws_vpc.new","data.aws_iam_policy_document.csi","data.tls_certificate.eks"]}]},{"mode":"managed","type":"aws_eks_cluster","name":"andromeda","provider":"provider[\"registry.opentofu.org/hashicorp/aws\"]","instances":[{"schema_version":1,"attributes":{"access_config":[{"authentication_mode":"CONFIG_MAP","bootstrap_cluster_creator_admin_permissions":true}],"arn":"arn:aws:eks:us-west-2:672243026050:cluster/andromeda","bootstrap_self_managed_addons":true,"certificate_authority":[{"data":"LS0tLS1CRUdJTiBDRVJUSUZJQ0FURS0tLS0tCk1JSURCVENDQWUyZ0F3SUJBZ0lJSlVYMFgxcXZDeFV3RFFZSktvWklodmNOQVFFTEJRQXdGVEVUTUJFR0ExVUUKQXhNS2EzVmlaWEp1WlhSbGN6QWVGdzB5TkRFd01EWXdOek16TVRSYUZ3MHpOREV3TURRd056TTRNVFJhTUJVeApFekFSQmdOVkJBTVRDbXQxWW1WeWJtVjBaWE13Z2dFaU1BMEdDU3FHU0liM0RRRUJBUVVBQTRJQkR3QXdnZ0VLCkFvSUJBUURMbzkxeDJmR0s1ZHRLSmNVYnZocGErN1ZNTEN4L0tBb1FYT1drQmwrRE44ckw5UGQ5L3Y4dXhrVkoKQnN4eHpXMXBObmxtMjdmemFDaTN6d0dBUE9zNFN1akFTWm52NEdTZUc0OHVDN0JIVndDdlMvdjdrMGwxaElwVQpqQlBqVWtZTyt0REhtSFIyMHJOdlVXRVVTZXVMbmd6ZkpVRTJNU0pZVXZ2YncyaThtOSsxelMyWXltSms0WWp5CldRb1pqMWtPSlByTWRkVkY0WjFldHEvM2F6enRRVS81TjEzcDZzZXg1UXFNa1N6dmxTZXZmMWdpMkN1YTEvSFAKS0xFcko3bzN2eVJEZ2ppNzdhQU52VU5HeUNrRDFmRUJESzNtUThoM2hkVWlYYVB3ckdyS3NDaENBYnNWOWlQTQpSR3dIdXY3K293RHQ2cDYrWVMrMUQvUWRUWW5iQWdNQkFBR2pXVEJYTUE0R0ExVWREd0VCL3dRRUF3SUNwREFQCkJnTlZIUk1CQWY4RUJUQURBUUgvTUIwR0ExVWREZ1FXQkJSa0ljaHNpbG4wRXpTelo0bE9IUXMrdG83M0FqQVYKQmdOVkhSRUVEakFNZ2dwcmRXSmxjbTVsZEdWek1BMEdDU3FHU0liM0RRRUJDd1VBQTRJQkFRQnRsVjh5Q1l2QgplbHZaNWZJeE1oWFdKUDVDUXU1dXpQVDhCQkVzQmphUXBLKzdiMW1LMkJNNklUb1ZSZnBqc3M4RmJEV3lPZ0FTCjMrb01NZ0drQVFmL2hmdGhWeDluZkkrdzNldmZpRHN2TXlrTVp6Zk5vc3VRU1FwWXluZURMaGVzaXVRVjQ2NEkKL3dndXFMaVpkWHZUN3JDeDJTanI3Y2hxejRHTG1WclVORE1ab0hoc0RoY0FGbEZNNm9TN0dUMm4rZ1d0bkV4Ywp3WUpFR0FjdzFTUWFYVXZvMEZPN0ZWT1dsVkxRL3g1VG54MDhBQWk1Rkh3Z2tBMkk1dFIyMktKWkVlQ0Q1RW1DCnk0UTUyK0tsTHl2ajJ1ZEJaNmpkazArRzlzTDRBZmxmNGdFeXlUVHdGdmowM0dvTjNQbXJ2U2lGcEFnaFpqRHcKUTNWdFFSTjRQOWRsCi0tLS0tRU5EIENFUlRJRklDQVRFLS0tLS0K"}],"cluster_id":null,"created_at":"2024-10-06 07:33:43.895 +0000 UTC","enabled_cluster_log_types":null,"encryption_config":[],"endpoint":"https://FF8092ECF1DD800DFAC98BA8354A9092.gr7.us-west-2.eks.amazonaws.com","id":"andromeda","identity":[{"oidc":[{"issuer":"https://oidc.eks.us-west-2.amazonaws.com/id/FF8092ECF1DD800DFAC98BA8354A9092"}]}],"kubernetes_network_config":[{"ip_family":"ipv4","service_ipv4_cidr":"172.20.0.0/16","service_ipv6_cidr":""}],"name":"andromeda","outpost_config":[],"platform_version":"eks.8","role_arn":"arn:aws:iam::672243026050:role/eks-cluster-andromeda","status":"ACTIVE","tags":null,"tags_all":{},"timeouts":null,"upgrade_policy":[{"support_type":"EXTENDED"}],"version":"1.30","vpc_config":[{"cluster_security_group_id":"sg-0fff69dca4a7e4ec3","endpoint_private_access":false,"endpoint_public_access":true,"public_access_cidrs":["0.0.0.0/0"],"security_group_ids":null,"subnet_ids":["subnet-06a7bd96520f99797","subnet-0ac9e5675c870fd2b","subnet-0c42a792c420fc57b","subnet-0caa8f565209dbaa7"],"vpc_id":"vpc-09a89c9332d9bb095"}]},"sensitive_attributes":[],"private":"eyJlMmJmYjczMC1lY2FhLTExZTYtOGY4OC0zNDM2M2JjN2M0YzAiOnsiY3JlYXRlIjoxODAwMDAwMDAwMDAwLCJkZWxldGUiOjkwMDAwMDAwMDAwMCwidXBkYXRlIjozNjAwMDAwMDAwMDAwfSwic2NoZW1hX3ZlcnNpb24iOiIxIn0=","dependencies":["aws_iam_role.andromeda","aws_iam_role_policy_attachment.andromeda-AmazonEKSClusterPolicy","aws_subnet.private-us-west-2a","aws_subnet.private-us-west-2b","aws_subnet.public-us-west-2a","aws_subnet.public-us-west-2b","aws_vpc.new"]}]},{"mode":"managed","type":"aws_eks_node_group","name":"private-nodes","provider":"provider[\"registry.opentofu.org/hashicorp/aws\"]","instances":[{"schema_version":0,"attributes":{"ami_type":"AL2023_x86_64_STANDARD","arn":"arn:aws:eks:us-west-2:672243026050:nodegroup/andromeda/private-nodes/86c93063-2960-37a4-c329-a81e51252c32","capacity_type":"ON_DEMAND","cluster_name":"andromeda","disk_size":20,"force_update_version":null,"id":"andromeda:private-nodes","instance_types":["t3.large"],"labels":{"role":"general"},"launch_template":[],"node_group_name":"private-nodes","node_group_name_prefix":"","node_role_arn":"arn:aws:iam::672243026050:role/eks-node-group-nodes","release_version":"1.30.4-20240928","remote_access":[],"resources":[{"autoscaling_groups":[{"name":"eks-private-nodes-86c93063-2960-37a4-c329-a81e51252c32"}],"remote_access_security_group_id":""}],"scaling_config":[{"desired_size":4,"max_size":5,"min_size":0}],"status":"ACTIVE","subnet_ids":["subnet-0ac9e5675c870fd2b","subnet-0caa8f565209dbaa7"],"tags":null,"tags_all":{},"taint":[],"timeouts":null,"update_config":[{"max_unavailable":1,"max_unavailable_percentage":0}],"version":"1.30"},"sensitive_attributes":[],"private":"eyJlMmJmYjczMC1lY2FhLTExZTYtOGY4OC0zNDM2M2JjN2M0YzAiOnsiY3JlYXRlIjozNjAwMDAwMDAwMDAwLCJkZWxldGUiOjM2MDAwMDAwMDAwMDAsInVwZGF0ZSI6MzYwMDAwMDAwMDAwMH19","dependencies":["aws_eks_cluster.andromeda","aws_iam_role.andromeda","aws_iam_role.nodes","aws_iam_role_policy_attachment.andromeda-AmazonEKSClusterPolicy","aws_iam_role_policy_attachment.nodes-AmazonEC2ContainerRegistryReadOnly","aws_iam_role_policy_attachment.nodes-AmazonEKSWorkerNodePolicy","aws_iam_role_policy_attachment.nodes-AmazonEKS_CNI_Policy","aws_subnet.private-us-west-2a","aws_subnet.private-us-west-2b","aws_subnet.public-us-west-2a","aws_subnet.public-us-west-2b","aws_vpc.new"]}]},{"mode":"managed","type":"aws_iam_openid_connect_provider","name":"eks","provider":"provider[\"registry.opentofu.org/hashicorp/aws\"]","instances":[{"schema_version":0,"attributes":{"arn":"arn:aws:iam::672243026050:oidc-provider/oidc.eks.us-west-2.amazonaws.com/id/FF8092ECF1DD800DFAC98BA8354A9092","client_id_list":["sts.amazonaws.com"],"id":"arn:aws:iam::672243026050:oidc-provider/oidc.eks.us-west-2.amazonaws.com/id/FF8092ECF1DD800DFAC98BA8354A9092","tags":null,"tags_all":{},"thumbprint_list":["9e99a48a9960b14926bb7f3b02e22da2b0ab7280"],"url":"oidc.eks.us-west-2.amazonaws.com/id/FF8092ECF1DD800DFAC98BA8354A9092"},"sensitive_attributes":[],"private":"bnVsbA==","dependencies":["aws_eks_cluster.andromeda","aws_iam_role.andromeda","aws_iam_role_policy_attachment.andromeda-AmazonEKSClusterPolicy","aws_subnet.private-us-west-2a","aws_subnet.private-us-west-2b","aws_subnet.public-us-west-2a","aws_subnet.public-us-west-2b","aws_vpc.new","data.tls_certificate.eks"]}]},{"mode":"managed","type":"aws_iam_policy","name":"eks_s3_access_policy","provider":"provider[\"registry.opentofu.org/hashicorp/aws\"]","instances":[{"schema_version":0,"attributes":{"arn":"arn:aws:iam::672243026050:policy/eks-s3-access-policy","attachment_count":0,"description":"","id":"arn:aws:iam::672243026050:policy/eks-s3-access-policy","name":"eks-s3-access-policy","name_prefix":"","path":"/","policy":"{\"Statement\":[{\"Action\":[\"s3:ListBucket\"],\"Effect\":\"Allow\",\"Resource\":\"arn:aws:s3:::new-bucket666\"},{\"Action\":[\"s3:PutObject\",\"s3:GetObject\"],\"Effect\":\"Allow\",\"Resource\":\"arn:aws:s3:::new-bucket666/qr_codes/*\"},{\"Action\":\"s3:PutObjectAcl\",\"Effect\":\"Allow\",\"Resource\":\"arn:aws:s3:::new-bucket666/qr_codes/*\"}],\"Version\":\"2012-10-17\"}","policy_id":"ANPAZZBGORCBFHTPVI6NS","tags":null,"tags_all":{}},"sensitive_attributes":[],"private":"bnVsbA=="}]},{"mode":"managed","type":"aws_iam_role","name":"andromeda","provider":"provider[\"registry.opentofu.org/hashicorp/aws\"]","instances":[{"schema_version":0,"attributes":{"arn":"arn:aws:iam::672243026050:role/eks-cluster-andromeda","assume_role_policy":"{\"Statement\":[{\"Action\":\"sts:AssumeRole\",\"Effect\":\"Allow\",\"Principal\":{\"Service\":\"eks.amazonaws.com\"}}],\"Version\":\"2012-10-17\"}","create_date":"2024-10-06T07:33:35Z","description":"","force_detach_policies":false,"id":"eks-cluster-andromeda","inline_policy":[],"managed_policy_arns":[],"max_session_duration":3600,"name":"eks-cluster-andromeda","name_prefix":"","path":"/","permissions_boundary":"","tags":null,"tags_all":{},"unique_id":"AROAZZBGORCBFNOH6GFKU"},"sensitive_attributes":[],"private":"bnVsbA=="}]},{"mode":"managed","type":"aws_iam_role","name":"eks_ebs_csi_driver","provider":"provider[\"registry.opentofu.org/hashicorp/aws\"]","instances":[{"schema_version":0,"attributes":{"arn":"arn:aws:iam::672243026050:role/eks-ebs-csi-driver","assume_role_policy":"{\"Statement\":[{\"Action\":\"sts:AssumeRoleWithWebIdentity\",\"Condition\":{\"StringEquals\":{\"oidc.eks.us-west-2.amazonaws.com/id/FF8092ECF1DD800DFAC98BA8354A9092:sub\":\"system:serviceaccount:kube-system:ebs-csi-controller-sa\"}},\"Effect\":\"Allow\",\"Principal\":{\"Federated\":\"arn:aws:iam::672243026050:oidc-provider/oidc.eks.us-west-2.amazonaws.com/id/FF8092ECF1DD800DFAC98BA8354A9092\"}}],\"Version\":\"2012-10-17\"}","create_date":"2024-10-06T07:41:05Z","description":"","force_detach_policies":false,"id":"eks-ebs-csi-driver","inline_policy":[],"managed_policy_arns":[],"max_session_duration":3600,"name":"eks-ebs-csi-driver","name_prefix":"","path":"/","permissions_boundary":"","tags":null,"tags_all":{},"unique_id":"AROAZZBGORCBLCX3OMIYN"},"sensitive_attributes":[],"private":"bnVsbA==","dependencies":["aws_eks_cluster.andromeda","aws_iam_openid_connect_provider.eks","aws_iam_role.andromeda","aws_iam_role_policy_attachment.andromeda-AmazonEKSClusterPolicy","aws_subnet.private-us-west-2a","aws_subnet.private-us-west-2b","aws_subnet.public-us-west-2a","aws_subnet.public-us-west-2b","aws_vpc.new","data.aws_iam_policy_document.csi","data.tls_certificate.eks"]}]},{"mode":"managed","type":"aws_iam_role","name":"eks_s3_access","provider":"provider[\"registry.opentofu.org/hashicorp/aws\"]","instances":[{"schema_version":0,"attributes":{"arn":"arn:aws:iam::672243026050:role/eks-s3-access","assume_role_policy":"{\"Statement\":[{\"Action\":\"sts:AssumeRoleWithWebIdentity\",\"Condition\":{\"StringEquals\":{\"oidc.eks.us-west-2.amazonaws.com/id/FF8092ECF1DD800DFAC98BA8354A9092:sub\":\"system:serviceaccount:default:s3-access-sa\"}},\"Effect\":\"Allow\",\"Principal\":{\"Federated\":\"arn:aws:iam::672243026050:oidc-provider/oidc.eks.us-west-2.amazonaws.com/id/FF8092ECF1DD800DFAC98BA8354A9092\"}}],\"Version\":\"2012-10-17\"}","create_date":"2024-10-06T07:41:05Z","description":"","force_detach_policies":false,"id":"eks-s3-access","inline_policy":[],"managed_policy_arns":[],"max_session_duration":3600,"name":"eks-s3-access","name_prefix":"","path":"/","permissions_boundary":"","tags":null,"tags_all":{},"unique_id":"AROAZZBGORCBFQ4QGNVBL"},"sensitive_attributes":[],"private":"bnVsbA==","dependencies":["aws_eks_cluster.andromeda","aws_iam_openid_connect_provider.eks","aws_iam_role.andromeda","aws_iam_role_policy_attachment.andromeda-AmazonEKSClusterPolicy","aws_subnet.private-us-west-2a","aws_subnet.private-us-west-2b","aws_subnet.public-us-west-2a","aws_subnet.public-us-west-2b","aws_vpc.new","data.tls_certificate.eks"]}]},{"mode":"managed","type":"aws_iam_role","name":"nodes","provider":"provider[\"registry.opentofu.org/hashicorp/aws\"]","instances":[{"schema_version":0,"attributes":{"arn":"arn:aws:iam::672243026050:role/eks-node-group-nodes","assume_role_policy":"{\"Statement\":[{\"Action\":\"sts:AssumeRole\",\"Effect\":\"Allow\",\"Principal\":{\"Service\":\"ec2.amazonaws.com\"}}],\"Version\":\"2012-10-17\"}","create_date":"2024-10-06T07:33:35Z","description":"","force_detach_policies":false,"id":"eks-node-group-nodes","inline_policy":[],"managed_policy_arns":[],"max_session_duration":3600,"name":"eks-node-group-nodes","name_prefix":"","path":"/","permissions_boundary":"","tags":null,"tags_all":{},"unique_id":"AROAZZBGORCBHT7FR7U3U"},"sensitive_attributes":[],"private":"bnVsbA=="}]},{"mode":"managed","type":"aws_iam_role_policy_attachment","name":"amazon_ebs_csi_driver","provider":"provider[\"registry.opentofu.org/hashicorp/aws\"]","instances":[{"schema_version":0,"attributes":{"id":"eks-ebs-csi-driver-2024100607410736270000000b","policy_arn":"arn:aws:iam::aws:policy/service-role/AmazonEBSCSIDriverPolicy","role":"eks-ebs-csi-driver"},"sensitive_attributes":[],"private":"bnVsbA==","dependencies":["aws_eks_cluster.andromeda","aws_iam_openid_connect_provider.eks","aws_iam_role.andromeda","aws_iam_role.eks_ebs_csi_driver","aws_iam_role_policy_attachment.andromeda-AmazonEKSClusterPolicy","aws_subnet.private-us-west-2a","aws_subnet.private-us-west-2b","aws_subnet.public-us-west-2a","aws_subnet.public-us-west-2b","aws_vpc.new","data.aws_iam_policy_document.csi","data.tls_certificate.eks"]}]},{"mode":"managed","type":"aws_iam_role_policy_attachment","name":"andromeda-AmazonEKSClusterPolicy","provider":"provider[\"registry.opentofu.org/hashicorp/aws\"]","instances":[{"schema_version":0,"attributes":{"id":"eks-cluster-andromeda-20241006073336945200000004","policy_arn":"arn:aws:iam::aws:policy/AmazonEKSClusterPolicy","role":"eks-cluster-andromeda"},"sensitive_attributes":[],"private":"bnVsbA==","dependencies":["aws_iam_role.andromeda"]}]},{"mode":"managed","type":"aws_iam_role_policy_attachment","name":"eks_s3_access_policy_attachment","provider":"provider[\"registry.opentofu.org/hashicorp/aws\"]","instances":[{"schema_version":0,"attributes":{"id":"eks-s3-access-20241006074106971600000009","policy_arn":"arn:aws:iam::672243026050:policy/eks-s3-access-policy","role":"eks-s3-access"},"sensitive_attributes":[],"private":"bnVsbA==","dependencies":["aws_eks_cluster.andromeda","aws_iam_openid_connect_provider.eks","aws_iam_policy.eks_s3_access_policy","aws_iam_role.andromeda","aws_iam_role.eks_s3_access","aws_iam_role_policy_attachment.andromeda-AmazonEKSClusterPolicy","aws_subnet.private-us-west-2a","aws_subnet.private-us-west-2b","aws_subnet.public-us-west-2a","aws_subnet.public-us-west-2b","aws_vpc.new","data.tls_certificate.eks"]}]},{"mode":"managed","type":"aws_iam_role_policy_attachment","name":"nodes-AmazonEC2ContainerRegistryReadOnly","provider":"provider[\"registry.opentofu.org/hashicorp/aws\"]","instances":[{"schema_version":0,"attributes":{"id":"eks-node-group-nodes-20241006073336648600000001","policy_arn":"arn:aws:iam::aws:policy/AmazonEC2ContainerRegistryReadOnly","role":"eks-node-group-nodes"},"sensitive_attributes":[],"private":"bnVsbA==","dependencies":["aws_iam_role.nodes"]}]},{"mode":"managed","type":"aws_iam_role_policy_attachment","name":"nodes-AmazonEKSWorkerNodePolicy","provider":"provider[\"registry.opentofu.org/hashicorp/aws\"]","instances":[{"schema_version":0,"attributes":{"id":"eks-node-group-nodes-20241006073336732300000003","policy_arn":"arn:aws:iam::aws:policy/AmazonEKSWorkerNodePolicy","role":"eks-node-group-nodes"},"sensitive_attributes":[],"private":"bnVsbA==","dependencies":["aws_iam_role.nodes"]}]},{"mode":"managed","type":"aws_iam_role_policy_attachment","name":"nodes-AmazonEKS_CNI_Policy","provider":"provider[\"registry.opentofu.org/hashicorp/aws\"]","instances":[{"schema_version":0,"attributes":{"id":"eks-node-group-nodes-20241006073336689300000002","policy_arn":"arn:aws:iam::aws:policy/AmazonEKS_CNI_Policy","role":"eks-node-group-nodes"},"sensitive_attributes":[],"private":"bnVsbA==","dependencies":["aws_iam_role.nodes"]}]},{"mode":"managed","type":"aws_internet_gateway","name":"my-igw","provider":"provider[\"registry.opentofu.org/hashicorp/aws\"]","instances":[{"schema_version":0,"attributes":{"arn":"arn:aws:ec2:us-west-2:672243026050:internet-gateway/igw-0e2de8258f194630d","id":"igw-0e2de8258f194630d","owner_id":"672243026050","tags":{"Name":"my-igw"},"tags_all":{"Name":"my-igw"},"timeouts":null,"vpc_id":"vpc-09a89c9332d9bb095"},"sensitive_attributes":[],"private":"eyJlMmJmYjczMC1lY2FhLTExZTYtOGY4OC0zNDM2M2JjN2M0YzAiOnsiY3JlYXRlIjoxMjAwMDAwMDAwMDAwLCJkZWxldGUiOjEyMDAwMDAwMDAwMDAsInVwZGF0ZSI6MTIwMDAwMDAwMDAwMH19","dependencies":["aws_vpc.new"]}]},{"mode":"managed","type":"aws_nat_gateway","name":"nat","provider":"provider[\"registry.opentofu.org/hashicorp/aws\"]","instances":[{"schema_version":0,"attributes":{"allocation_id":"eipalloc-03d28aa377be88b4d","association_id":"eipassoc-03953e59da8ffbda7","connectivity_type":"public","id":"nat-056633f7a7f8091cd","network_interface_id":"eni-064bfdf90697c6688","private_ip":"10.0.73.223","public_ip":"35.163.102.61","secondary_allocation_ids":null,"secondary_private_ip_address_count":0,"secondary_private_ip_addresses":[],"subnet_id":"subnet-06a7bd96520f99797","tags":{"Name":"nat"},"tags_all":{"Name":"nat"},"timeouts":null},"sensitive_attributes":[],"private":"eyJlMmJmYjczMC1lY2FhLTExZTYtOGY4OC0zNDM2M2JjN2M0YzAiOnsiY3JlYXRlIjo2MDAwMDAwMDAwMDAsImRlbGV0ZSI6MTgwMDAwMDAwMDAwMCwidXBkYXRlIjo2MDAwMDAwMDAwMDB9fQ==","dependencies":["aws_eip.nat","aws_internet_gateway.my-igw","aws_subnet.public-us-west-2a","aws_vpc.new"]}]},{"mode":"managed","type":"aws_route_table","name":"private","provider":"provider[\"registry.opentofu.org/hashicorp/aws\"]","instances":[{"schema_version":0,"attributes":{"arn":"arn:aws:ec2:us-west-2:672243026050:route-table/rtb-09f5960c3836e33e9","id":"rtb-09f5960c3836e33e9","owner_id":"672243026050","propagating_vgws":[],"route":[{"carrier_gateway_id":"","cidr_block":"0.0.0.0/0","core_network_arn":"","destination_prefix_list_id":"","egress_only_gateway_id":"","gateway_id":"","ipv6_cidr_block":"","local_gateway_id":"","nat_gateway_id":"nat-056633f7a7f8091cd","network_interface_id":"","transit_gateway_id":"","vpc_endpoint_id":"","vpc_peering_connection_id":""}],"tags":{"Name":"private"},"tags_all":{"Name":"private"},"timeouts":null,"vpc_id":"vpc-09a89c9332d9bb095"},"sensitive_attributes":[],"private":"eyJlMmJmYjczMC1lY2FhLTExZTYtOGY4OC0zNDM2M2JjN2M0YzAiOnsiY3JlYXRlIjozMDAwMDAwMDAwMDAsImRlbGV0ZSI6MzAwMDAwMDAwMDAwLCJ1cGRhdGUiOjEyMDAwMDAwMDAwMH19","dependencies":["aws_eip.nat","aws_internet_gateway.my-igw","aws_nat_gateway.nat","aws_subnet.public-us-west-2a","aws_vpc.new"]}]},{"mode":"managed","type":"aws_route_table","name":"public","provider":"provider[\"registry.opentofu.org/hashicorp/aws\"]","instances":[{"schema_version":0,"attributes":{"arn":"arn:aws:ec2:us-west-2:672243026050:route-table/rtb-0b3fe7de3f74ecc9c","id":"rtb-0b3fe7de3f74ecc9c","owner_id":"672243026050","propagating_vgws":[],"route":[{"carrier_gateway_id":"","cidr_block":"0.0.0.0/0","core_network_arn":"","destination_prefix_list_id":"","egress_only_gateway_id":"","gateway_id":"igw-0e2de8258f194630d","ipv6_cidr_block":"","local_gateway_id":"","nat_gateway_id":"","network_interface_id":"","transit_gateway_id":"","vpc_endpoint_id":"","vpc_peering_connection_id":""}],"tags":{"Name":"public"},"tags_all":{"Name":"public"},"timeouts":null,"vpc_id":"vpc-09a89c9332d9bb095"},"sensitive_attributes":[],"private":"eyJlMmJmYjczMC1lY2FhLTExZTYtOGY4OC0zNDM2M2JjN2M0YzAiOnsiY3JlYXRlIjozMDAwMDAwMDAwMDAsImRlbGV0ZSI6MzAwMDAwMDAwMDAwLCJ1cGRhdGUiOjEyMDAwMDAwMDAwMH19","dependencies":["aws_internet_gateway.my-igw","aws_vpc.new"]}]},{"mode":"managed","type":"aws_route_table_association","name":"private-us-west-2a","provider":"provider[\"registry.opentofu.org/hashicorp/aws\"]","instances":[{"schema_version":0,"attributes":{"gateway_id":"","id":"rtbassoc-050ac9757e27e96d8","route_table_id":"rtb-09f5960c3836e33e9","subnet_id":"subnet-0ac9e5675c870fd2b","timeouts":null},"sensitive_attributes":[],"private":"eyJlMmJmYjczMC1lY2FhLTExZTYtOGY4OC0zNDM2M2JjN2M0YzAiOnsiY3JlYXRlIjozMDAwMDAwMDAwMDAsImRlbGV0ZSI6MzAwMDAwMDAwMDAwLCJ1cGRhdGUiOjEyMDAwMDAwMDAwMH19","dependencies":["aws_eip.nat","aws_internet_gateway.my-igw","aws_nat_gateway.nat","aws_route_table.private","aws_subnet.private-us-west-2a","aws_subnet.public-us-west-2a","aws_vpc.new"]}]},{"mode":"managed","type":"aws_route_table_association","name":"private-us-west-2b","provider":"provider[\"registry.opentofu.org/hashicorp/aws\"]","instances":[{"schema_version":0,"attributes":{"gateway_id":"","id":"rtbassoc-0668cfac832f6123f","route_table_id":"rtb-09f5960c3836e33e9","subnet_id":"subnet-0caa8f565209dbaa7","timeouts":null},"sensitive_attributes":[],"private":"eyJlMmJmYjczMC1lY2FhLTExZTYtOGY4OC0zNDM2M2JjN2M0YzAiOnsiY3JlYXRlIjozMDAwMDAwMDAwMDAsImRlbGV0ZSI6MzAwMDAwMDAwMDAwLCJ1cGRhdGUiOjEyMDAwMDAwMDAwMH19","dependencies":["aws_eip.nat","aws_internet_gateway.my-igw","aws_nat_gateway.nat","aws_route_table.private","aws_subnet.private-us-west-2b","aws_subnet.public-us-west-2a","aws_vpc.new"]}]},{"mode":"managed","type":"aws_route_table_association","name":"public-us-west-2a","provider":"provider[\"registry.opentofu.org/hashicorp/aws\"]","instances":[{"schema_version":0,"attributes":{"gateway_id":"","id":"rtbassoc-0632558a9e2eb8c3e","route_table_id":"rtb-0b3fe7de3f74ecc9c","subnet_id":"subnet-06a7bd96520f99797","timeouts":null},"sensitive_attributes":[],"private":"eyJlMmJmYjczMC1lY2FhLTExZTYtOGY4OC0zNDM2M2JjN2M0YzAiOnsiY3JlYXRlIjozMDAwMDAwMDAwMDAsImRlbGV0ZSI6MzAwMDAwMDAwMDAwLCJ1cGRhdGUiOjEyMDAwMDAwMDAwMH19","dependencies":["aws_internet_gateway.my-igw","aws_route_table.public","aws_subnet.public-us-west-2a","aws_vpc.new"]}]},{"mode":"managed","type":"aws_route_table_association","name":"public-us-west-2b","provider":"provider[\"registry.opentofu.org/hashicorp/aws\"]","instances":[{"schema_version":0,"attributes":{"gateway_id":"","id":"rtbassoc-05fea7ad9b0d6a859","route_table_id":"rtb-0b3fe7de3f74ecc9c","subnet_id":"subnet-0c42a792c420fc57b","timeouts":null},"sensitive_attributes":[],"private":"eyJlMmJmYjczMC1lY2FhLTExZTYtOGY4OC0zNDM2M2JjN2M0YzAiOnsiY3JlYXRlIjozMDAwMDAwMDAwMDAsImRlbGV0ZSI6MzAwMDAwMDAwMDAwLCJ1cGRhdGUiOjEyMDAwMDAwMDAwMH19","dependencies":["aws_internet_gateway.my-igw","aws_route_table.public","aws_subnet.public-us-west-2b","aws_vpc.new"]}]},{"mode":"managed","type":"aws_subnet","name":"private-us-west-2a","provider":"provider[\"registry.opentofu.org/hashicorp/aws\"]","instances":[{"schema_version":1,"attributes":{"arn":"arn:aws:ec2:us-west-2:672243026050:subnet/subnet-0ac9e5675c870fd2b","assign_ipv6_address_on_creation":false,"availability_zone":"us-west-2a","availability_zone_id":"usw2-az1","cidr_block":"10.0.0.0/19","customer_owned_ipv4_pool":"","enable_dns64":false,"enable_lni_at_device_index":0,"enable_resource_name_dns_a_record_on_launch":false,"enable_resource_name_dns_aaaa_record_on_launch":false,"id":"subnet-0ac9e5675c870fd2b","ipv6_cidr_block":"","ipv6_cidr_block_association_id":"","ipv6_native":false,"map_customer_owned_ip_on_launch":false,"map_public_ip_on_launch":false,"outpost_arn":"","owner_id":"672243026050","private_dns_hostname_type_on_launch":"ip-name","tags":{"Name":"private-us-west-2a","kubernetes.io/cluster/andromeda":"shared","kubernetes.io/role/internal-elb":"1"},"tags_all":{"Name":"private-us-west-2a","kubernetes.io/cluster/andromeda":"shared","kubernetes.io/role/internal-elb":"1"},"timeouts":null,"vpc_id":"vpc-09a89c9332d9bb095"},"sensitive_attributes":[],"private":"eyJlMmJmYjczMC1lY2FhLTExZTYtOGY4OC0zNDM2M2JjN2M0YzAiOnsiY3JlYXRlIjo2MDAwMDAwMDAwMDAsImRlbGV0ZSI6MTIwMDAwMDAwMDAwMH0sInNjaGVtYV92ZXJzaW9uIjoiMSJ9","dependencies":["aws_vpc.new"]}]},{"mode":"managed","type":"aws_subnet","name":"private-us-west-2b","provider":"provider[\"registry.opentofu.org/hashicorp/aws\"]","instances":[{"schema_version":1,"attributes":{"arn":"arn:aws:ec2:us-west-2:672243026050:subnet/subnet-0caa8f565209dbaa7","assign_ipv6_address_on_creation":false,"availability_zone":"us-west-2b","availability_zone_id":"usw2-az2","cidr_block":"10.0.32.0/19","customer_owned_ipv4_pool":"","enable_dns64":false,"enable_lni_at_device_index":0,"enable_resource_name_dns_a_record_on_launch":false,"enable_resource_name_dns_aaaa_record_on_launch":false,"id":"subnet-0caa8f565209dbaa7","ipv6_cidr_block":"","ipv6_cidr_block_association_id":"","ipv6_native":false,"map_customer_owned_ip_on_launch":false,"map_public_ip_on_launch":false,"outpost_arn":"","owner_id":"672243026050","private_dns_hostname_type_on_launch":"ip-name","tags":{"Name":"private-us-west-2b","kuberentes.io/role/internal-elb":"1","kubernetes.io/cluster/andromeda":"shared"},"tags_all":{"Name":"private-us-west-2b","kuberentes.io/role/internal-elb":"1","kubernetes.io/cluster/andromeda":"shared"},"timeouts":null,"vpc_id":"vpc-09a89c9332d9bb095"},"sensitive_attributes":[],"private":"eyJlMmJmYjczMC1lY2FhLTExZTYtOGY4OC0zNDM2M2JjN2M0YzAiOnsiY3JlYXRlIjo2MDAwMDAwMDAwMDAsImRlbGV0ZSI6MTIwMDAwMDAwMDAwMH0sInNjaGVtYV92ZXJzaW9uIjoiMSJ9","dependencies":["aws_vpc.new"]}]},{"mode":"managed","type":"aws_subnet","name":"public-us-west-2a","provider":"provider[\"registry.opentofu.org/hashicorp/aws\"]","instances":[{"schema_version":1,"attributes":{"arn":"arn:aws:ec2:us-west-2:672243026050:subnet/subnet-06a7bd96520f99797","assign_ipv6_address_on_creation":false,"availability_zone":"us-west-2a","availability_zone_id":"usw2-az1","cidr_block":"10.0.64.0/19","customer_owned_ipv4_pool":"","enable_dns64":false,"enable_lni_at_device_index":0,"enable_resource_name_dns_a_record_on_launch":false,"enable_resource_name_dns_aaaa_record_on_launch":false,"id":"subnet-06a7bd96520f99797","ipv6_cidr_block":"","ipv6_cidr_block_association_id":"","ipv6_native":false,"map_customer_owned_ip_on_launch":false,"map_public_ip_on_launch":false,"outpost_arn":"","owner_id":"672243026050","private_dns_hostname_type_on_launch":"ip-name","tags":{"Name":"public-us-west-2a","kubernetes.io/cluster/andromeda":"shared","kubernetes.io/roles/internal-elb":"1"},"tags_all":{"Name":"public-us-west-2a","kubernetes.io/cluster/andromeda":"shared","kubernetes.io/roles/internal-elb":"1"},"timeouts":null,"vpc_id":"vpc-09a89c9332d9bb095"},"sensitive_attributes":[],"private":"eyJlMmJmYjczMC1lY2FhLTExZTYtOGY4OC0zNDM2M2JjN2M0YzAiOnsiY3JlYXRlIjo2MDAwMDAwMDAwMDAsImRlbGV0ZSI6MTIwMDAwMDAwMDAwMH0sInNjaGVtYV92ZXJzaW9uIjoiMSJ9","dependencies":["aws_vpc.new"]}]},{"mode":"managed","type":"aws_subnet","name":"public-us-west-2b","provider":"provider[\"registry.opentofu.org/hashicorp/aws\"]","instances":[{"schema_version":1,"attributes":{"arn":"arn:aws:ec2:us-west-2:672243026050:subnet/subnet-0c42a792c420fc57b","assign_ipv6_address_on_creation":false,"availability_zone":"us-west-2b","availability_zone_id":"usw2-az2","cidr_block":"10.0.96.0/19","customer_owned_ipv4_pool":"","enable_dns64":false,"enable_lni_at_device_index":0,"enable_resource_name_dns_a_record_on_launch":false,"enable_resource_name_dns_aaaa_record_on_launch":false,"id":"subnet-0c42a792c420fc57b","ipv6_cidr_block":"","ipv6_cidr_block_association_id":"","ipv6_native":false,"map_customer_owned_ip_on_launch":false,"map_public_ip_on_launch":false,"outpost_arn":"","owner_id":"672243026050","private_dns_hostname_type_on_launch":"ip-name","tags":{"Name":"public-us-west-2b","kubernetes.io/cluster/andromeda":"shared","kubernetes.io/roles/internal-elb":"1"},"tags_all":{"Name":"public-us-west-2b","kubernetes.io/cluster/andromeda":"shared","kubernetes.io/roles/internal-elb":"1"},"timeouts":null,"vpc_id":"vpc-09a89c9332d9bb095"},"sensitive_attributes":[],"private":"eyJlMmJmYjczMC1lY2FhLTExZTYtOGY4OC0zNDM2M2JjN2M0YzAiOnsiY3JlYXRlIjo2MDAwMDAwMDAwMDAsImRlbGV0ZSI6MTIwMDAwMDAwMDAwMH0sInNjaGVtYV92ZXJzaW9uIjoiMSJ9","dependencies":["aws_vpc.new"]}]},{"mode":"managed","type":"aws_vpc","name":"new","provider":"provider[\"registry.opentofu.org/hashicorp/aws\"]","instances":[{"schema_version":1,"attributes":{"arn":"arn:aws:ec2:us-west-2:672243026050:vpc/vpc-09a89c9332d9bb095","assign_generated_ipv6_cidr_block":false,"cidr_block":"10.0.0.0/16","default_network_acl_id":"acl-09a581e1b9a1a379a","default_route_table_id":"rtb-0b78ef9ec2c65effe","default_security_group_id":"sg-065f360a898762a14","dhcp_options_id":"dopt-0ef1fd75f2809f590","enable_dns_hostnames":false,"enable_dns_support":true,"enable_network_address_usage_metrics":false,"id":"vpc-09a89c9332d9bb095","instance_tenancy":"default","ipv4_ipam_pool_id":null,"ipv4_netmask_length":null,"ipv6_association_id":"","ipv6_cidr_block":"","ipv6_cidr_block_network_border_group":"","ipv6_ipam_pool_id":"","ipv6_netmask_length":0,"main_route_table_id":"rtb-0b78ef9ec2c65effe","owner_id":"672243026050","tags":{"Name":"new"},"tags_all":{"Name":"new"}},"sensitive_attributes":[],"private":"eyJzY2hlbWFfdmVyc2lvbiI6IjEifQ=="}]}],"check_results":null}
